
Microsoft Visual Studio Solution File, Format Version 12.00
# Visual Studio Version 16
VisualStudioVersion = 16.0.32510.428
MinimumVisualStudioVersion = 10.0.40219.1
Project("{FAE04EC0-301F-11D3-BF4B-00C04F79EFBC}") = "acftApplication", "acftApplication\acftApplication.csproj", "{B2E5B205-8613-4493-8322-55055C08FE63}"
EndProject
Global
	GlobalSection(SolutionConfigurationPlatforms) = preSolution
		Debug|Any CPU = Debug|Any CPU
		Release|Any CPU = Release|Any CPU
	EndGlobalSection
	GlobalSection(ProjectConfigurationPlatforms) = postSolution
		{B2E5B205-8613-4493-8322-55055C08FE63}.Debug|Any CPU.ActiveCfg = Debug|Any CPU
		{B2E5B205-8613-4493-8322-55055C08FE63}.Debug|Any CPU.Build.0 = Debug|Any CPU
		{B2E5B205-8613-4493-8322-55055C08FE63}.Release|Any CPU.ActiveCfg = Release|Any CPU
		{B2E5B205-8613-4493-8322-55055C08FE63}.Release|Any CPU.Build.0 = Release|Any CPU
	EndGlobalSection
	GlobalSection(SolutionProperties) = preSolution
		HideSolutionNode = FALSE
	EndGlobalSection
	GlobalSection(ExtensibilityGlobals) = postSolution
		SolutionGuid = {D41DE887-D81D-4755-B09A-CC61323B1D80}
	EndGlobalSection
EndGlobal
