
Microsoft Visual Studio Solution File, Format Version 12.00
# Visual Studio Version 16
VisualStudioVersion = 16.0.32510.428
MinimumVisualStudioVersion = 10.0.40219.1
Project("{9A19103F-16F7-4668-BE54-9A1E7A4F7556}") = "AccountTask", "AccountTask.csproj", "{B98120CA-4F90-4AF9-9363-BCBBCC28CD1E}"
EndProject
Global
	GlobalSection(SolutionConfigurationPlatforms) = preSolution
		Debug|Any CPU = Debug|Any CPU
		Release|Any CPU = Release|Any CPU
	EndGlobalSection
	GlobalSection(ProjectConfigurationPlatforms) = postSolution
		{B98120CA-4F90-4AF9-9363-BCBBCC28CD1E}.Debug|Any CPU.ActiveCfg = Debug|Any CPU
		{B98120CA-4F90-4AF9-9363-BCBBCC28CD1E}.Debug|Any CPU.Build.0 = Debug|Any CPU
		{B98120CA-4F90-4AF9-9363-BCBBCC28CD1E}.Release|Any CPU.ActiveCfg = Release|Any CPU
		{B98120CA-4F90-4AF9-9363-BCBBCC28CD1E}.Release|Any CPU.Build.0 = Release|Any CPU
	EndGlobalSection
	GlobalSection(SolutionProperties) = preSolution
		HideSolutionNode = FALSE
	EndGlobalSection
	GlobalSection(ExtensibilityGlobals) = postSolution
		SolutionGuid = {43395DA2-F8A2-4010-83AE-1D6B65F0FFDB}
	EndGlobalSection
EndGlobal
